// !$*UTF8*$!
{
	archiveVersion = 1;
	classes = {
	};
	objectVersion = 50;
	objects = {

/* Begin PBXBuildFile section */
		5EA1EA42352B55B35D5AA21F /* Pods_test_authentication.framework in Frameworks */ = {isa = PBXBuildFile; fileRef = 8151C5481317E47A4866A4EB /* Pods_test_authentication.framework */; };
		9A9F796220AC93BB00217754 /* AppDelegate.swift in Sources */ = {isa = PBXBuildFile; fileRef = 9A9F796120AC93BB00217754 /* AppDelegate.swift */; };
		9A9F796720AC93BB00217754 /* Main.storyboard in Resources */ = {isa = PBXBuildFile; fileRef = 9A9F796520AC93BB00217754 /* Main.storyboard */; };
		9A9F796920AC93BD00217754 /* Assets.xcassets in Resources */ = {isa = PBXBuildFile; fileRef = 9A9F796820AC93BD00217754 /* Assets.xcassets */; };
		9A9F796C20AC93BD00217754 /* LaunchScreen.storyboard in Resources */ = {isa = PBXBuildFile; fileRef = 9A9F796A20AC93BD00217754 /* LaunchScreen.storyboard */; };
		9A9F797920AD760800217754 /* AuthenticationPresenter.swift in Sources */ = {isa = PBXBuildFile; fileRef = 9A9F797320AD760800217754 /* AuthenticationPresenter.swift */; };
		9A9F797A20AD760800217754 /* AuthenticationWorker.swift in Sources */ = {isa = PBXBuildFile; fileRef = 9A9F797420AD760800217754 /* AuthenticationWorker.swift */; };
		9A9F797B20AD760800217754 /* AuthenticationRouter.swift in Sources */ = {isa = PBXBuildFile; fileRef = 9A9F797520AD760800217754 /* AuthenticationRouter.swift */; };
		9A9F797C20AD760800217754 /* AuthenticationModels.swift in Sources */ = {isa = PBXBuildFile; fileRef = 9A9F797620AD760800217754 /* AuthenticationModels.swift */; };
		9A9F797D20AD760800217754 /* AuthenticationViewController.swift in Sources */ = {isa = PBXBuildFile; fileRef = 9A9F797720AD760800217754 /* AuthenticationViewController.swift */; };
		9A9F797E20AD760800217754 /* AuthenticationInteractor.swift in Sources */ = {isa = PBXBuildFile; fileRef = 9A9F797820AD760800217754 /* AuthenticationInteractor.swift */; };
		9A9F798220AD771100217754 /* FirstViewController.swift in Sources */ = {isa = PBXBuildFile; fileRef = 9A9F798120AD771100217754 /* FirstViewController.swift */; };
		9A9F798520AD809100217754 /* PasswordValidator.swift in Sources */ = {isa = PBXBuildFile; fileRef = 9A9F798420AD809100217754 /* PasswordValidator.swift */; };
		9A9F798720AD839100217754 /* EmailValidator.swift in Sources */ = {isa = PBXBuildFile; fileRef = 9A9F798620AD839100217754 /* EmailValidator.swift */; };
		9A9F798920AD9A6E00217754 /* Wheather.swift in Sources */ = {isa = PBXBuildFile; fileRef = 9A9F798820AD9A6E00217754 /* Wheather.swift */; };
		9AD7801220ADD1D200F30667 /* RegistrationController.swift in Sources */ = {isa = PBXBuildFile; fileRef = 9AD7801120ADD1D200F30667 /* RegistrationController.swift */; };
/* End PBXBuildFile section */

/* Begin PBXFileReference section */
		8151C5481317E47A4866A4EB /* Pods_test_authentication.framework */ = {isa = PBXFileReference; explicitFileType = wrapper.framework; includeInIndex = 0; path = Pods_test_authentication.framework; sourceTree = BUILT_PRODUCTS_DIR; };
		89E266BE14349C1DC5970638 /* Pods-test_authentication.debug.xcconfig */ = {isa = PBXFileReference; includeInIndex = 1; lastKnownFileType = text.xcconfig; name = "Pods-test_authentication.debug.xcconfig"; path = "Pods/Target Support Files/Pods-test_authentication/Pods-test_authentication.debug.xcconfig"; sourceTree = "<group>"; };
		9A9F795E20AC93BB00217754 /* test_authentication.app */ = {isa = PBXFileReference; explicitFileType = wrapper.application; includeInIndex = 0; path = test_authentication.app; sourceTree = BUILT_PRODUCTS_DIR; };
		9A9F796120AC93BB00217754 /* AppDelegate.swift */ = {isa = PBXFileReference; lastKnownFileType = sourcecode.swift; path = AppDelegate.swift; sourceTree = "<group>"; };
		9A9F796620AC93BB00217754 /* Base */ = {isa = PBXFileReference; lastKnownFileType = file.storyboard; name = Base; path = Base.lproj/Main.storyboard; sourceTree = "<group>"; };
		9A9F796820AC93BD00217754 /* Assets.xcassets */ = {isa = PBXFileReference; lastKnownFileType = folder.assetcatalog; path = Assets.xcassets; sourceTree = "<group>"; };
		9A9F796B20AC93BD00217754 /* Base */ = {isa = PBXFileReference; lastKnownFileType = file.storyboard; name = Base; path = Base.lproj/LaunchScreen.storyboard; sourceTree = "<group>"; };
		9A9F796D20AC93BD00217754 /* Info.plist */ = {isa = PBXFileReference; lastKnownFileType = text.plist.xml; path = Info.plist; sourceTree = "<group>"; };
		9A9F797320AD760800217754 /* AuthenticationPresenter.swift */ = {isa = PBXFileReference; lastKnownFileType = sourcecode.swift; path = AuthenticationPresenter.swift; sourceTree = "<group>"; };
		9A9F797420AD760800217754 /* AuthenticationWorker.swift */ = {isa = PBXFileReference; lastKnownFileType = sourcecode.swift; path = AuthenticationWorker.swift; sourceTree = "<group>"; };
		9A9F797520AD760800217754 /* AuthenticationRouter.swift */ = {isa = PBXFileReference; lastKnownFileType = sourcecode.swift; path = AuthenticationRouter.swift; sourceTree = "<group>"; };
		9A9F797620AD760800217754 /* AuthenticationModels.swift */ = {isa = PBXFileReference; lastKnownFileType = sourcecode.swift; path = AuthenticationModels.swift; sourceTree = "<group>"; };
		9A9F797720AD760800217754 /* AuthenticationViewController.swift */ = {isa = PBXFileReference; lastKnownFileType = sourcecode.swift; path = AuthenticationViewController.swift; sourceTree = "<group>"; };
		9A9F797820AD760800217754 /* AuthenticationInteractor.swift */ = {isa = PBXFileReference; lastKnownFileType = sourcecode.swift; path = AuthenticationInteractor.swift; sourceTree = "<group>"; };
		9A9F798120AD771100217754 /* FirstViewController.swift */ = {isa = PBXFileReference; lastKnownFileType = sourcecode.swift; path = FirstViewController.swift; sourceTree = "<group>"; };
		9A9F798420AD809100217754 /* PasswordValidator.swift */ = {isa = PBXFileReference; lastKnownFileType = sourcecode.swift; path = PasswordValidator.swift; sourceTree = "<group>"; };
		9A9F798620AD839100217754 /* EmailValidator.swift */ = {isa = PBXFileReference; lastKnownFileType = sourcecode.swift; path = EmailValidator.swift; sourceTree = "<group>"; };
		9A9F798820AD9A6E00217754 /* Wheather.swift */ = {isa = PBXFileReference; lastKnownFileType = sourcecode.swift; path = Wheather.swift; sourceTree = "<group>"; };
		9AD7801120ADD1D200F30667 /* RegistrationController.swift */ = {isa = PBXFileReference; lastKnownFileType = sourcecode.swift; path = RegistrationController.swift; sourceTree = "<group>"; };
		D43A277590BC0FFA0583226E /* Pods-test_authentication.release.xcconfig */ = {isa = PBXFileReference; includeInIndex = 1; lastKnownFileType = text.xcconfig; name = "Pods-test_authentication.release.xcconfig"; path = "Pods/Target Support Files/Pods-test_authentication/Pods-test_authentication.release.xcconfig"; sourceTree = "<group>"; };
/* End PBXFileReference section */

/* Begin PBXFrameworksBuildPhase section */
		9A9F795B20AC93BB00217754 /* Frameworks */ = {
			isa = PBXFrameworksBuildPhase;
			buildActionMask = 2147483647;
			files = (
				5EA1EA42352B55B35D5AA21F /* Pods_test_authentication.framework in Frameworks */,
			);
			runOnlyForDeploymentPostprocessing = 0;
		};
/* End PBXFrameworksBuildPhase section */

/* Begin PBXGroup section */
		5AA2AF7268B7ABB3BC7CBD69 /* Frameworks */ = {
			isa = PBXGroup;
			children = (
				8151C5481317E47A4866A4EB /* Pods_test_authentication.framework */,
			);
			name = Frameworks;
			sourceTree = "<group>";
		};
		9A9F795520AC93BB00217754 = {
			isa = PBXGroup;
			children = (
				9A9F796020AC93BB00217754 /* test_authentication */,
				9A9F795F20AC93BB00217754 /* Products */,
				F985E2B3FE937F60B0FED41B /* Pods */,
				5AA2AF7268B7ABB3BC7CBD69 /* Frameworks */,
			);
			sourceTree = "<group>";
		};
		9A9F795F20AC93BB00217754 /* Products */ = {
			isa = PBXGroup;
			children = (
				9A9F795E20AC93BB00217754 /* test_authentication.app */,
			);
			name = Products;
			sourceTree = "<group>";
		};
		9A9F796020AC93BB00217754 /* test_authentication */ = {
			isa = PBXGroup;
			children = (
				9A9F796120AC93BB00217754 /* AppDelegate.swift */,
				9A9F796520AC93BB00217754 /* Main.storyboard */,
				9A9F796820AC93BD00217754 /* Assets.xcassets */,
				9A9F798A20AD9A7400217754 /* Models */,
				9A9F798320AD807900217754 /* Helpers */,
				9A9F798020AD761400217754 /* Scenes */,
				9A9F796A20AC93BD00217754 /* LaunchScreen.storyboard */,
				9A9F796D20AC93BD00217754 /* Info.plist */,
			);
			path = test_authentication;
			sourceTree = "<group>";
		};
		9A9F797F20AD760E00217754 /* Authentication */ = {
			isa = PBXGroup;
			children = (
				9A9F797320AD760800217754 /* AuthenticationPresenter.swift */,
				9A9F797420AD760800217754 /* AuthenticationWorker.swift */,
				9A9F797520AD760800217754 /* AuthenticationRouter.swift */,
				9A9F797620AD760800217754 /* AuthenticationModels.swift */,
				9A9F797720AD760800217754 /* AuthenticationViewController.swift */,
				9A9F797820AD760800217754 /* AuthenticationInteractor.swift */,
			);
			path = Authentication;
			sourceTree = "<group>";
		};
		9A9F798020AD761400217754 /* Scenes */ = {
			isa = PBXGroup;
			children = (
				9A9F797F20AD760E00217754 /* Authentication */,
				9A9F798120AD771100217754 /* FirstViewController.swift */,
				9AD7801120ADD1D200F30667 /* RegistrationController.swift */,
			);
			path = Scenes;
			sourceTree = "<group>";
		};
		9A9F798320AD807900217754 /* Helpers */ = {
			isa = PBXGroup;
			children = (
				9A9F798420AD809100217754 /* PasswordValidator.swift */,
				9A9F798620AD839100217754 /* EmailValidator.swift */,
			);
			path = Helpers;
			sourceTree = "<group>";
		};
		9A9F798A20AD9A7400217754 /* Models */ = {
			isa = PBXGroup;
			children = (
				9A9F798820AD9A6E00217754 /* Wheather.swift */,
			);
			path = Models;
			sourceTree = "<group>";
		};
		F985E2B3FE937F60B0FED41B /* Pods */ = {
			isa = PBXGroup;
			children = (
				89E266BE14349C1DC5970638 /* Pods-test_authentication.debug.xcconfig */,
				D43A277590BC0FFA0583226E /* Pods-test_authentication.release.xcconfig */,
			);
			name = Pods;
			sourceTree = "<group>";
		};
/* End PBXGroup section */

/* Begin PBXNativeTarget section */
		9A9F795D20AC93BB00217754 /* test_authentication */ = {
			isa = PBXNativeTarget;
			buildConfigurationList = 9A9F797020AC93BD00217754 /* Build configuration list for PBXNativeTarget "test_authentication" */;
			buildPhases = (
				CD38E5D711D943A9CB9CE35E /* [CP] Check Pods Manifest.lock */,
				9A9F795A20AC93BB00217754 /* Sources */,
				9A9F795B20AC93BB00217754 /* Frameworks */,
				9A9F795C20AC93BB00217754 /* Resources */,
				5EEA8331A2857F52683490A9 /* [CP] Embed Pods Frameworks */,
			);
			buildRules = (
			);
			dependencies = (
			);
			name = test_authentication;
			productName = test_authentication;
			productReference = 9A9F795E20AC93BB00217754 /* test_authentication.app */;
			productType = "com.apple.product-type.application";
		};
/* End PBXNativeTarget section */

/* Begin PBXProject section */
		9A9F795620AC93BB00217754 /* Project object */ = {
			isa = PBXProject;
			attributes = {
				LastSwiftUpdateCheck = 0930;
				LastUpgradeCheck = 0930;
				ORGANIZATIONNAME = pecherukin;
				TargetAttributes = {
					9A9F795D20AC93BB00217754 = {
						CreatedOnToolsVersion = 9.3.1;
					};
				};
			};
			buildConfigurationList = 9A9F795920AC93BB00217754 /* Build configuration list for PBXProject "test_authentication" */;
			compatibilityVersion = "Xcode 9.3";
			developmentRegion = en;
			hasScannedForEncodings = 0;
			knownRegions = (
				en,
				Base,
			);
			mainGroup = 9A9F795520AC93BB00217754;
			productRefGroup = 9A9F795F20AC93BB00217754 /* Products */;
			projectDirPath = "";
			projectRoot = "";
			targets = (
				9A9F795D20AC93BB00217754 /* test_authentication */,
			);
		};
/* End PBXProject section */

/* Begin PBXResourcesBuildPhase section */
		9A9F795C20AC93BB00217754 /* Resources */ = {
			isa = PBXResourcesBuildPhase;
			buildActionMask = 2147483647;
			files = (
				9A9F796C20AC93BD00217754 /* LaunchScreen.storyboard in Resources */,
				9A9F796920AC93BD00217754 /* Assets.xcassets in Resources */,
				9A9F796720AC93BB00217754 /* Main.storyboard in Resources */,
			);
			runOnlyForDeploymentPostprocessing = 0;
		};
/* End PBXResourcesBuildPhase section */

/* Begin PBXShellScriptBuildPhase section */
		5EEA8331A2857F52683490A9 /* [CP] Embed Pods Frameworks */ = {
			isa = PBXShellScriptBuildPhase;
			buildActionMask = 2147483647;
			files = (
			);
			inputPaths = (
				"${SRCROOT}/Pods/Target Support Files/Pods-test_authentication/Pods-test_authentication-frameworks.sh",
				"${BUILT_PRODUCTS_DIR}/Alamofire/Alamofire.framework",
			);
			name = "[CP] Embed Pods Frameworks";
			outputPaths = (
				"${TARGET_BUILD_DIR}/${FRAMEWORKS_FOLDER_PATH}/Alamofire.framework",
			);
			runOnlyForDeploymentPostprocessing = 0;
			shellPath = /bin/sh;
			shellScript = "\"${SRCROOT}/Pods/Target Support Files/Pods-test_authentication/Pods-test_authentication-frameworks.sh\"\n";
			showEnvVarsInLog = 0;
		};
		CD38E5D711D943A9CB9CE35E /* [CP] Check Pods Manifest.lock */ = {
			isa = PBXShellScriptBuildPhase;
			buildActionMask = 2147483647;
			files = (
			);
			inputPaths = (
				"${PODS_PODFILE_DIR_PATH}/Podfile.lock",
				"${PODS_ROOT}/Manifest.lock",
			);
			name = "[CP] Check Pods Manifest.lock";
			outputPaths = (
				"$(DERIVED_FILE_DIR)/Pods-test_authentication-checkManifestLockResult.txt",
			);
			runOnlyForDeploymentPostprocessing = 0;
			shellPath = /bin/sh;
			shellScript = "diff \"${PODS_PODFILE_DIR_PATH}/Podfile.lock\" \"${PODS_ROOT}/Manifest.lock\" > /dev/null\nif [ $? != 0 ] ; then\n    # print error to STDERR\n    echo \"error: The sandbox is not in sync with the Podfile.lock. Run 'pod install' or update your CocoaPods installation.\" >&2\n    exit 1\nfi\n# This output is used by Xcode 'outputs' to avoid re-running this script phase.\necho \"SUCCESS\" > \"${SCRIPT_OUTPUT_FILE_0}\"\n";
			showEnvVarsInLog = 0;
		};
/* End PBXShellScriptBuildPhase section */

/* Begin PBXSourcesBuildPhase section */
		9A9F795A20AC93BB00217754 /* Sources */ = {
			isa = PBXSourcesBuildPhase;
			buildActionMask = 2147483647;
			files = (
				9A9F797C20AD760800217754 /* AuthenticationModels.swift in Sources */,
				9A9F796220AC93BB00217754 /* AppDelegate.swift in Sources */,
				9A9F797D20AD760800217754 /* AuthenticationViewController.swift in Sources */,
				9A9F798220AD771100217754 /* FirstViewController.swift in Sources */,
				9A9F797E20AD760800217754 /* AuthenticationInteractor.swift in Sources */,
				9A9F797B20AD760800217754 /* AuthenticationRouter.swift in Sources */,
				9A9F797920AD760800217754 /* AuthenticationPresenter.swift in Sources */,
				9A9F798920AD9A6E00217754 /* Wheather.swift in Sources */,
				9A9F798720AD839100217754 /* EmailValidator.swift in Sources */,
				9A9F798520AD809100217754 /* PasswordValidator.swift in Sources */,
				9AD7801220ADD1D200F30667 /* RegistrationController.swift in Sources */,
				9A9F797A20AD760800217754 /* AuthenticationWorker.swift in Sources */,
			);
			runOnlyForDeploymentPostprocessing = 0;
		};
/* End PBXSourcesBuildPhase section */

/* Begin PBXVariantGroup section */
		9A9F796520AC93BB00217754 /* Main.storyboard */ = {
			isa = PBXVariantGroup;
			children = (
				9A9F796620AC93BB00217754 /* Base */,
			);
			name = Main.storyboard;
			sourceTree = "<group>";
		};
		9A9F796A20AC93BD00217754 /* LaunchScreen.storyboard */ = {
			isa = PBXVariantGroup;
			children = (
				9A9F796B20AC93BD00217754 /* Base */,
			);
			name = LaunchScreen.storyboard;
			sourceTree = "<group>";
		};
/* End PBXVariantGroup section */

/* Begin XCBuildConfiguration section */
		9A9F796E20AC93BD00217754 /* Debug */ = {
			isa = XCBuildConfiguration;
			buildSettings = {
				ALWAYS_SEARCH_USER_PATHS = NO;
				CLANG_ANALYZER_NONNULL = YES;
				CLANG_ANALYZER_NUMBER_OBJECT_CONVERSION = YES_AGGRESSIVE;
				CLANG_CXX_LANGUAGE_STANDARD = "gnu++14";
				CLANG_CXX_LIBRARY = "libc++";
				CLANG_ENABLE_MODULES = YES;
				CLANG_ENABLE_OBJC_ARC = YES;
				CLANG_ENABLE_OBJC_WEAK = YES;
				CLANG_WARN_BLOCK_CAPTURE_AUTORELEASING = YES;
				CLANG_WARN_BOOL_CONVERSION = YES;
				CLANG_WARN_COMMA = YES;
				CLANG_WARN_CONSTANT_CONVERSION = YES;
				CLANG_WARN_DEPRECATED_OBJC_IMPLEMENTATIONS = YES;
				CLANG_WARN_DIRECT_OBJC_ISA_USAGE = YES_ERROR;
				CLANG_WARN_DOCUMENTATION_COMMENTS = YES;
				CLANG_WARN_EMPTY_BODY = YES;
				CLANG_WARN_ENUM_CONVERSION = YES;
				CLANG_WARN_INFINITE_RECURSION = YES;
				CLANG_WARN_INT_CONVERSION = YES;
				CLANG_WARN_NON_LITERAL_NULL_CONVERSION = YES;
				CLANG_WARN_OBJC_IMPLICIT_RETAIN_SELF = YES;
				CLANG_WARN_OBJC_LITERAL_CONVERSION = YES;
				CLANG_WARN_OBJC_ROOT_CLASS = YES_ERROR;
				CLANG_WARN_RANGE_LOOP_ANALYSIS = YES;
				CLANG_WARN_STRICT_PROTOTYPES = YES;
				CLANG_WARN_SUSPICIOUS_MOVE = YES;
				CLANG_WARN_UNGUARDED_AVAILABILITY = YES_AGGRESSIVE;
				CLANG_WARN_UNREACHABLE_CODE = YES;
				CLANG_WARN__DUPLICATE_METHOD_MATCH = YES;
				CODE_SIGN_IDENTITY = "iPhone Developer";
				COPY_PHASE_STRIP = NO;
				DEBUG_INFORMATION_FORMAT = dwarf;
				ENABLE_STRICT_OBJC_MSGSEND = YES;
				ENABLE_TESTABILITY = YES;
				GCC_C_LANGUAGE_STANDARD = gnu11;
				GCC_DYNAMIC_NO_PIC = NO;
				GCC_NO_COMMON_BLOCKS = YES;
				GCC_OPTIMIZATION_LEVEL = 0;
				GCC_PREPROCESSOR_DEFINITIONS = (
					"DEBUG=1",
					"$(inherited)",
				);
				GCC_WARN_64_TO_32_BIT_CONVERSION = YES;
				GCC_WARN_ABOUT_RETURN_TYPE = YES_ERROR;
				GCC_WARN_UNDECLARED_SELECTOR = YES;
				GCC_WARN_UNINITIALIZED_AUTOS = YES_AGGRESSIVE;
				GCC_WARN_UNUSED_FUNCTION = YES;
				GCC_WARN_UNUSED_VARIABLE = YES;
				IPHONEOS_DEPLOYMENT_TARGET = 11.3;
				MTL_ENABLE_DEBUG_INFO = YES;
				ONLY_ACTIVE_ARCH = YES;
				SDKROOT = iphoneos;
				SWIFT_ACTIVE_COMPILATION_CONDITIONS = DEBUG;
				SWIFT_OPTIMIZATION_LEVEL = "-Onone";
			};
			name = Debug;
		};
		9A9F796F20AC93BD00217754 /* Release */ = {
			isa = XCBuildConfiguration;
			buildSettings = {
				ALWAYS_SEARCH_USER_PATHS = NO;
				CLANG_ANALYZER_NONNULL = YES;
				CLANG_ANALYZER_NUMBER_OBJECT_CONVERSION = YES_AGGRESSIVE;
				CLANG_CXX_LANGUAGE_STANDARD = "gnu++14";
				CLANG_CXX_LIBRARY = "libc++";
				CLANG_ENABLE_MODULES = YES;
				CLANG_ENABLE_OBJC_ARC = YES;
				CLANG_ENABLE_OBJC_WEAK = YES;
				CLANG_WARN_BLOCK_CAPTURE_AUTORELEASING = YES;
				CLANG_WARN_BOOL_CONVERSION = YES;
				CLANG_WARN_COMMA = YES;
				CLANG_WARN_CONSTANT_CONVERSION = YES;
				CLANG_WARN_DEPRECATED_OBJC_IMPLEMENTATIONS = YES;
				CLANG_WARN_DIRECT_OBJC_ISA_USAGE = YES_ERROR;
				CLANG_WARN_DOCUMENTATION_COMMENTS = YES;
				CLANG_WARN_EMPTY_BODY = YES;
				CLANG_WARN_ENUM_CONVERSION = YES;
				CLANG_WARN_INFINITE_RECURSION = YES;
				CLANG_WARN_INT_CONVERSION = YES;
				CLANG_WARN_NON_LITERAL_NULL_CONVERSION = YES;
				CLANG_WARN_OBJC_IMPLICIT_RETAIN_SELF = YES;
				CLANG_WARN_OBJC_LITERAL_CONVERSION = YES;
				CLANG_WARN_OBJC_ROOT_CLASS = YES_ERROR;
				CLANG_WARN_RANGE_LOOP_ANALYSIS = YES;
				CLANG_WARN_STRICT_PROTOTYPES = YES;
				CLANG_WARN_SUSPICIOUS_MOVE = YES;
				CLANG_WARN_UNGUARDED_AVAILABILITY = YES_AGGRESSIVE;
				CLANG_WARN_UNREACHABLE_CODE = YES;
				CLANG_WARN__DUPLICATE_METHOD_MATCH = YES;
				CODE_SIGN_IDENTITY = "iPhone Developer";
				COPY_PHASE_STRIP = NO;
				DEBUG_INFORMATION_FORMAT = "dwarf-with-dsym";
				ENABLE_NS_ASSERTIONS = NO;
				ENABLE_STRICT_OBJC_MSGSEND = YES;
				GCC_C_LANGUAGE_STANDARD = gnu11;
				GCC_NO_COMMON_BLOCKS = YES;
				GCC_WARN_64_TO_32_BIT_CONVERSION = YES;
				GCC_WARN_ABOUT_RETURN_TYPE = YES_ERROR;
				GCC_WARN_UNDECLARED_SELECTOR = YES;
				GCC_WARN_UNINITIALIZED_AUTOS = YES_AGGRESSIVE;
				GCC_WARN_UNUSED_FUNCTION = YES;
				GCC_WARN_UNUSED_VARIABLE = YES;
				IPHONEOS_DEPLOYMENT_TARGET = 11.3;
				MTL_ENABLE_DEBUG_INFO = NO;
				SDKROOT = iphoneos;
				SWIFT_COMPILATION_MODE = wholemodule;
				SWIFT_OPTIMIZATION_LEVEL = "-O";
				VALIDATE_PRODUCT = YES;
			};
			name = Release;
		};
		9A9F797120AC93BD00217754 /* Debug */ = {
			isa = XCBuildConfiguration;
			baseConfigurationReference = 89E266BE14349C1DC5970638 /* Pods-test_authentication.debug.xcconfig */;
			buildSettings = {
				ASSETCATALOG_COMPILER_APPICON_NAME = AppIcon;
				CODE_SIGN_STYLE = Automatic;
				DEVELOPMENT_TEAM = 62T2TM42VM;
				INFOPLIST_FILE = test_authentication/Info.plist;
				IPHONEOS_DEPLOYMENT_TARGET = 10.0;
				LD_RUNPATH_SEARCH_PATHS = (
					"$(inherited)",
					"@executable_path/Frameworks",
				);
				PRODUCT_BUNDLE_IDENTIFIER = "pecherukin.test-authentication";
				PRODUCT_NAME = "$(TARGET_NAME)";
				SWIFT_VERSION = 4.0;
				TARGETED_DEVICE_FAMILY = "1,2";
			};
			name = Debug;
		};
		9A9F797220AC93BD00217754 /* Release */ = {
			isa = XCBuildConfiguration;
			baseConfigurationReference = D43A277590BC0FFA0583226E /* Pods-test_authentication.release.xcconfig */;
			buildSettings = {
				ASSETCATALOG_COMPILER_APPICON_NAME = AppIcon;
				CODE_SIGN_STYLE = Automatic;
				DEVELOPMENT_TEAM = 62T2TM42VM;
				INFOPLIST_FILE = test_authentication/Info.plist;
				IPHONEOS_DEPLOYMENT_TARGET = 10.0;
				LD_RUNPATH_SEARCH_PATHS = (
					"$(inherited)",
					"@executable_path/Frameworks",
				);
				PRODUCT_BUNDLE_IDENTIFIER = "pecherukin.test-authentication";
				PRODUCT_NAME = "$(TARGET_NAME)";
				SWIFT_VERSION = 4.0;
				TARGETED_DEVICE_FAMILY = "1,2";
			};
			name = Release;
		};
/* End XCBuildConfiguration section */

/* Begin XCConfigurationList section */
		9A9F795920AC93BB00217754 /* Build configuration list for PBXProject "test_authentication" */ = {
			isa = XCConfigurationList;
			buildConfigurations = (
				9A9F796E20AC93BD00217754 /* Debug */,
				9A9F796F20AC93BD00217754 /* Release */,
			);
			defaultConfigurationIsVisible = 0;
			defaultConfigurationName = Release;
		};
		9A9F797020AC93BD00217754 /* Build configuration list for PBXNativeTarget "test_authentication" */ = {
			isa = XCConfigurationList;
			buildConfigurations = (
				9A9F797120AC93BD00217754 /* Debug */,
				9A9F797220AC93BD00217754 /* Release */,
			);
			defaultConfigurationIsVisible = 0;
			defaultConfigurationName = Release;
		};
/* End XCConfigurationList section */
	};
	rootObject = 9A9F795620AC93BB00217754 /* Project object */;
}
